
Microsoft Visual Studio Solution File, Format Version 12.00
# Visual Studio 15
VisualStudioVersion = 15.0.28307.757
MinimumVisualStudioVersion = 10.0.40219.1
Project("{9A19103F-16F7-4668-BE54-9A1E7A4F7556}") = "MyWebApi", "MyWebApi.csproj", "{322BC92E-2DA9-4BE6-9A13-41A56259E1B5}"
EndProject
Global
	GlobalSection(SolutionConfigurationPlatforms) = preSolution
		Debug|Any CPU = Debug|Any CPU
		Release|Any CPU = Release|Any CPU
	EndGlobalSection
	GlobalSection(ProjectConfigurationPlatforms) = postSolution
		{322BC92E-2DA9-4BE6-9A13-41A56259E1B5}.Debug|Any CPU.ActiveCfg = Debug|Any CPU
		{322BC92E-2DA9-4BE6-9A13-41A56259E1B5}.Debug|Any CPU.Build.0 = Debug|Any CPU
		{322BC92E-2DA9-4BE6-9A13-41A56259E1B5}.Release|Any CPU.ActiveCfg = Release|Any CPU
		{322BC92E-2DA9-4BE6-9A13-41A56259E1B5}.Release|Any CPU.Build.0 = Release|Any CPU
	EndGlobalSection
	GlobalSection(SolutionProperties) = preSolution
		HideSolutionNode = FALSE
	EndGlobalSection
	GlobalSection(ExtensibilityGlobals) = postSolution
		SolutionGuid = {FB5E0292-BEE7-46BF-A274-F60FF5DAA22B}
	EndGlobalSection
EndGlobal
